Microsoft Visual Studio Solution File, Format Version 12.00
# Visual Studio Version 17
VisualStudioVersion = 17.1.32421.90
MinimumVisualStudioVersion = 10.0.40219.1
Project("{9A19103F-16F7-4668-BE54-9A1E7A4F7556}") = "SpecflowDependencyInjection", "src\SpecflowDependencyInjection\SpecflowDependencyInjection.csproj", "{31C88235-0C82-44A2-AE35-AC7724ACEEFA}"
EndProject
Project("{9A19103F-16F7-4668-BE54-9A1E7A4F7556}") = "SpecflowDependencyInjection.Tests", "src\SpecflowDependencyInjection.Tests\SpecflowDependencyInjection.Tests.csproj", "{E89DA456-6703-4A7B-82D7-480560E52F52}"
EndProject
Project("{2150E333-8FDC-42A3-9474-1A3956D46DE8}") = "Samples", "Samples", "{AC188B5A-04E4-401F-9635-C3A658C297A3}"
EndProject
Project("{FAE04EC0-301F-11D3-BF4B-00C04F79EFBC}") = "SpecflowDependencyInjection.Samples.WebApi", "src\SpecflowDependencyInjection.Samples.WebApi\SpecflowDependencyInjection.Samples.WebApi.csproj", "{546D3991-F829-4AEC-A099-B3E841ABE4C8}"
EndProject
Global
	GlobalSection(SolutionConfigurationPlatforms) = preSolution
		Debug|Any CPU = Debug|Any CPU
		Release|Any CPU = Release|Any CPU
	EndGlobalSection
	GlobalSection(ProjectConfigurationPlatforms) = postSolution
		{31C88235-0C82-44A2-AE35-AC7724ACEEFA}.Debug|Any CPU.ActiveCfg = Debug|Any CPU
		{31C88235-0C82-44A2-AE35-AC7724ACEEFA}.Debug|Any CPU.Build.0 = Debug|Any CPU
		{31C88235-0C82-44A2-AE35-AC7724ACEEFA}.Release|Any CPU.ActiveCfg = Release|Any CPU
		{31C88235-0C82-44A2-AE35-AC7724ACEEFA}.Release|Any CPU.Build.0 = Release|Any CPU
		{E89DA456-6703-4A7B-82D7-480560E52F52}.Debug|Any CPU.ActiveCfg = Debug|Any CPU
		{E89DA456-6703-4A7B-82D7-480560E52F52}.Debug|Any CPU.Build.0 = Debug|Any CPU
		{E89DA456-6703-4A7B-82D7-480560E52F52}.Release|Any CPU.ActiveCfg = Release|Any CPU
		{E89DA456-6703-4A7B-82D7-480560E52F52}.Release|Any CPU.Build.0 = Release|Any CPU
		{546D3991-F829-4AEC-A099-B3E841ABE4C8}.Debug|Any CPU.ActiveCfg = Debug|Any CPU
		{546D3991-F829-4AEC-A099-B3E841ABE4C8}.Debug|Any CPU.Build.0 = Debug|Any CPU
		{546D3991-F829-4AEC-A099-B3E841ABE4C8}.Release|Any CPU.ActiveCfg = Release|Any CPU
		{546D3991-F829-4AEC-A099-B3E841ABE4C8}.Release|Any CPU.Build.0 = Release|Any CPU
	EndGlobalSection
	GlobalSection(SolutionProperties) = preSolution
		HideSolutionNode = FALSE
	EndGlobalSection
	GlobalSection(NestedProjects) = preSolution
		{546D3991-F829-4AEC-A099-B3E841ABE4C8} = {AC188B5A-04E4-401F-9635-C3A658C297A3}
	EndGlobalSection
	GlobalSection(ExtensibilityGlobals) = postSolution
		SolutionGuid = {67AE2B3F-0976-4D6B-9411-BC9B4C66EFAE}
	EndGlobalSection
EndGlobal
